// !$*UTF8*$!
{
	archiveVersion = 1;
	classes = {
	};
	objectVersion = 48;
	objects = {

/* Begin PBXBuildFile section */
		FAE937BE1FB22F7A007ABC99 /* AppDelegate.swift in Sources */ = {isa = PBXBuildFile; fileRef = FAE937BD1FB22F7A007ABC99 /* AppDelegate.swift */; };
		FAE937C01FB22F7A007ABC99 /* ViewController.swift in Sources */ = {isa = PBXBuildFile; fileRef = FAE937BF1FB22F7A007ABC99 /* ViewController.swift */; };
		FAE937C31FB22F7A007ABC99 /* Main.storyboard in Resources */ = {isa = PBXBuildFile; fileRef = FAE937C11FB22F7A007ABC99 /* Main.storyboard */; };
		FAE937C51FB22F7A007ABC99 /* Assets.xcassets in Resources */ = {isa = PBXBuildFile; fileRef = FAE937C41FB22F7A007ABC99 /* Assets.xcassets */; };
		FAE937C81FB22F7A007ABC99 /* LaunchScreen.storyboard in Resources */ = {isa = PBXBuildFile; fileRef = FAE937C61FB22F7A007ABC99 /* LaunchScreen.storyboard */; };
		FAE937D11FB22FF1007ABC99 /* FaceView.swift in Sources */ = {isa = PBXBuildFile; fileRef = FAE937D01FB22FF1007ABC99 /* FaceView.swift */; };
		FAE937D31FB2317A007ABC99 /* Default-568h@2x.png in Resources */ = {isa = PBXBuildFile; fileRef = FAE937D21FB2317A007ABC99 /* Default-568h@2x.png */; };
		FAE937D51FB23B3D007ABC99 /* FacialExpression.swift in Sources */ = {isa = PBXBuildFile; fileRef = FAE937D41FB23B3D007ABC99 /* FacialExpression.swift */; };
/* End PBXBuildFile section */

/* Begin PBXFileReference section */
		FAE937BA1FB22F7A007ABC99 /* FaceIt.app */ = {isa = PBXFileReference; explicitFileType = wrapper.application; includeInIndex = 0; path = FaceIt.app; sourceTree = BUILT_PRODUCTS_DIR; };
		FAE937BD1FB22F7A007ABC99 /* AppDelegate.swift */ = {isa = PBXFileReference; lastKnownFileType = sourcecode.swift; path = AppDelegate.swift; sourceTree = "<group>"; };
		FAE937BF1FB22F7A007ABC99 /* ViewController.swift */ = {isa = PBXFileReference; lastKnownFileType = sourcecode.swift; path = ViewController.swift; sourceTree = "<group>"; };
		FAE937C21FB22F7A007ABC99 /* Base */ = {isa = PBXFileReference; lastKnownFileType = file.storyboard; name = Base; path = Base.lproj/Main.storyboard; sourceTree = "<group>"; };
		FAE937C41FB22F7A007ABC99 /* Assets.xcassets */ = {isa = PBXFileReference; lastKnownFileType = folder.assetcatalog; path = Assets.xcassets; sourceTree = "<group>"; };
		FAE937C71FB22F7A007ABC99 /* Base */ = {isa = PBXFileReference; lastKnownFileType = file.storyboard; name = Base; path = Base.lproj/LaunchScreen.storyboard; sourceTree = "<group>"; };
		FAE937C91FB22F7A007ABC99 /* Info.plist */ = {isa = PBXFileReference; lastKnownFileType = text.plist.xml; path = Info.plist; sourceTree = "<group>"; };
		FAE937D01FB22FF1007ABC99 /* FaceView.swift */ = {isa = PBXFileReference; lastKnownFileType = sourcecode.swift; path = FaceView.swift; sourceTree = "<group>"; };
		FAE937D21FB2317A007ABC99 /* Default-568h@2x.png */ = {isa = PBXFileReference; lastKnownFileType = image.png; path = "Default-568h@2x.png"; sourceTree = "<group>"; };
		FAE937D41FB23B3D007ABC99 /* FacialExpression.swift */ = {isa = PBXFileReference; lastKnownFileType = sourcecode.swift; path = FacialExpression.swift; sourceTree = "<group>"; };
/* End PBXFileReference section */

/* Begin PBXFrameworksBuildPhase section */
		FAE937B71FB22F7A007ABC99 /* Frameworks */ = {
			isa = PBXFrameworksBuildPhase;
			buildActionMask = 2147483647;
			files = (
			);
			runOnlyForDeploymentPostprocessing = 0;
		};
/* End PBXFrameworksBuildPhase section */

/* Begin PBXGroup section */
		FAE937B11FB22F7A007ABC99 = {
			isa = PBXGroup;
			children = (
				FAE937D21FB2317A007ABC99 /* Default-568h@2x.png */,
				FAE937BC1FB22F7A007ABC99 /* FaceIt */,
				FAE937BB1FB22F7A007ABC99 /* Products */,
			);
			sourceTree = "<group>";
		};
		FAE937BB1FB22F7A007ABC99 /* Products */ = {
			isa = PBXGroup;
			children = (
				FAE937BA1FB22F7A007ABC99 /* FaceIt.app */,
			);
			name = Products;
			sourceTree = "<group>";
		};
		FAE937BC1FB22F7A007ABC99 /* FaceIt */ = {
			isa = PBXGroup;
			children = (
				FAE937BF1FB22F7A007ABC99 /* ViewController.swift */,
				FAE937D41FB23B3D007ABC99 /* FacialExpression.swift */,
				FAE937D01FB22FF1007ABC99 /* FaceView.swift */,
				FAE937C11FB22F7A007ABC99 /* Main.storyboard */,
				FAE937C91FB22F7A007ABC99 /* Info.plist */,
				FAE937CF1FB22FA6007ABC99 /* Supporting Files */,
			);
			path = FaceIt;
			sourceTree = "<group>";
		};
		FAE937CF1FB22FA6007ABC99 /* Supporting Files */ = {
			isa = PBXGroup;
			children = (
				FAE937BD1FB22F7A007ABC99 /* AppDelegate.swift */,
				FAE937C41FB22F7A007ABC99 /* Assets.xcassets */,
				FAE937C61FB22F7A007ABC99 /* LaunchScreen.storyboard */,
			);
			path = "Supporting Files";
			sourceTree = "<group>";
		};
/* End PBXGroup section */

/* Begin PBXNativeTarget section */
		FAE937B91FB22F7A007ABC99 /* FaceIt */ = {
			isa = PBXNativeTarget;
			buildConfigurationList = FAE937CC1FB22F7A007ABC99 /* Build configuration list for PBXNativeTarget "FaceIt" */;
			buildPhases = (
				FAE937B61FB22F7A007ABC99 /* Sources */,
				FAE937B71FB22F7A007ABC99 /* Frameworks */,
				FAE937B81FB22F7A007ABC99 /* Resources */,
			);
			buildRules = (
			);
			dependencies = (
			);
			name = FaceIt;
			productName = FaceIt;
			productReference = FAE937BA1FB22F7A007ABC99 /* FaceIt.app */;
			productType = "com.apple.product-type.application";
		};
/* End PBXNativeTarget section */

/* Begin PBXProject section */
		FAE937B21FB22F7A007ABC99 /* Project object */ = {
			isa = PBXProject;
			attributes = {
				LastSwiftUpdateCheck = 0910;
				LastUpgradeCheck = 0910;
				ORGANIZATIONNAME = "Alex Perez Martinez";
				TargetAttributes = {
					FAE937B91FB22F7A007ABC99 = {
						CreatedOnToolsVersion = 9.1;
						ProvisioningStyle = Automatic;
					};
				};
			};
			buildConfigurationList = FAE937B51FB22F7A007ABC99 /* Build configuration list for PBXProject "FaceIt" */;
			compatibilityVersion = "Xcode 8.0";
			developmentRegion = en;
			hasScannedForEncodings = 0;
			knownRegions = (
				en,
				Base,
			);
			mainGroup = FAE937B11FB22F7A007ABC99;
			productRefGroup = FAE937BB1FB22F7A007ABC99 /* Products */;
			projectDirPath = "";
			projectRoot = "";
			targets = (
				FAE937B91FB22F7A007ABC99 /* FaceIt */,
			);
		};
/* End PBXProject section */

/* Begin PBXResourcesBuildPhase section */
		FAE937B81FB22F7A007ABC99 /* Resources */ = {
			isa = PBXResourcesBuildPhase;
			buildActionMask = 2147483647;
			files = (
				FAE937C81FB22F7A007ABC99 /* LaunchScreen.storyboard in Resources */,
				FAE937D31FB2317A007ABC99 /* Default-568h@2x.png in Resources */,
				FAE937C51FB22F7A007ABC99 /* Assets.xcassets in Resources */,
				FAE937C31FB22F7A007ABC99 /* Main.storyboard in Resources */,
			);
			runOnlyForDeploymentPostprocessing = 0;
		};
/* End PBXResourcesBuildPhase section */

/* Begin PBXSourcesBuildPhase section */
		FAE937B61FB22F7A007ABC99 /* Sources */ = {
			isa = PBXSourcesBuildPhase;
			buildActionMask = 2147483647;
			files = (
				FAE937C01FB22F7A007ABC99 /* ViewController.swift in Sources */,
				FAE937D51FB23B3D007ABC99 /* FacialExpression.swift in Sources */,
				FAE937BE1FB22F7A007ABC99 /* AppDelegate.swift in Sources */,
				FAE937D11FB22FF1007ABC99 /* FaceView.swift in Sources */,
			);
			runOnlyForDeploymentPostprocessing = 0;
		};
/* End PBXSourcesBuildPhase section */

/* Begin PBXVariantGroup section */
		FAE937C11FB22F7A007ABC99 /* Main.storyboard */ = {
			isa = PBXVariantGroup;
			children = (
				FAE937C21FB22F7A007ABC99 /* Base */,
			);
			name = Main.storyboard;
			sourceTree = "<group>";
		};
		FAE937C61FB22F7A007ABC99 /* LaunchScreen.storyboard */ = {
			isa = PBXVariantGroup;
			children = (
				FAE937C71FB22F7A007ABC99 /* Base */,
			);
			name = LaunchScreen.storyboard;
			sourceTree = "<group>";
		};
/* End PBXVariantGroup section */

/* Begin XCBuildConfiguration section */
		FAE937CA1FB22F7A007ABC99 /* Debug */ = {
			isa = XCBuildConfiguration;
			buildSettings = {
				ALWAYS_SEARCH_USER_PATHS = NO;
				CLANG_ANALYZER_NONNULL = YES;
				CLANG_ANALYZER_NUMBER_OBJECT_CONVERSION = YES_AGGRESSIVE;
				CLANG_CXX_LANGUAGE_STANDARD = "gnu++14";
				CLANG_CXX_LIBRARY = "libc++";
				CLANG_ENABLE_MODULES = YES;
				CLANG_ENABLE_OBJC_ARC = YES;
				CLANG_WARN_BLOCK_CAPTURE_AUTORELEASING = YES;
				CLANG_WARN_BOOL_CONVERSION = YES;
				CLANG_WARN_COMMA = YES;
				CLANG_WARN_CONSTANT_CONVERSION = YES;
				CLANG_WARN_DIRECT_OBJC_ISA_USAGE = YES_ERROR;
				CLANG_WARN_DOCUMENTATION_COMMENTS = YES;
				CLANG_WARN_EMPTY_BODY = YES;
				CLANG_WARN_ENUM_CONVERSION = YES;
				CLANG_WARN_INFINITE_RECURSION = YES;
				CLANG_WARN_INT_CONVERSION = YES;
				CLANG_WARN_NON_LITERAL_NULL_CONVERSION = YES;
				CLANG_WARN_OBJC_LITERAL_CONVERSION = YES;
				CLANG_WARN_OBJC_ROOT_CLASS = YES_ERROR;
				CLANG_WARN_RANGE_LOOP_ANALYSIS = YES;
				CLANG_WARN_STRICT_PROTOTYPES = YES;
				CLANG_WARN_SUSPICIOUS_MOVE = YES;
				CLANG_WARN_UNGUARDED_AVAILABILITY = YES_AGGRESSIVE;
				CLANG_WARN_UNREACHABLE_CODE = YES;
				CLANG_WARN__DUPLICATE_METHOD_MATCH = YES;
				CODE_SIGN_IDENTITY = "iPhone Developer";
				COPY_PHASE_STRIP = NO;
				DEBUG_INFORMATION_FORMAT = dwarf;
				ENABLE_STRICT_OBJC_MSGSEND = YES;
				ENABLE_TESTABILITY = YES;
				GCC_C_LANGUAGE_STANDARD = gnu11;
				GCC_DYNAMIC_NO_PIC = NO;
				GCC_NO_COMMON_BLOCKS = YES;
				GCC_OPTIMIZATION_LEVEL = 0;
				GCC_PREPROCESSOR_DEFINITIONS = (
					"DEBUG=1",
					"$(inherited)",
				);
				GCC_WARN_64_TO_32_BIT_CONVERSION = YES;
				GCC_WARN_ABOUT_RETURN_TYPE = YES_ERROR;
				GCC_WARN_UNDECLARED_SELECTOR = YES;
				GCC_WARN_UNINITIALIZED_AUTOS = YES_AGGRESSIVE;
				GCC_WARN_UNUSED_FUNCTION = YES;
				GCC_WARN_UNUSED_VARIABLE = YES;
				IPHONEOS_DEPLOYMENT_TARGET = 11.1;
				MTL_ENABLE_DEBUG_INFO = YES;
				ONLY_ACTIVE_ARCH = YES;
				SDKROOT = iphoneos;
				SWIFT_ACTIVE_COMPILATION_CONDITIONS = DEBUG;
				SWIFT_OPTIMIZATION_LEVEL = "-Onone";
			};
			name = Debug;
		};
		FAE937CB1FB22F7A007ABC99 /* Release */ = {
			isa = XCBuildConfiguration;
			buildSettings = {
				ALWAYS_SEARCH_USER_PATHS = NO;
				CLANG_ANALYZER_NONNULL = YES;
				CLANG_ANALYZER_NUMBER_OBJECT_CONVERSION = YES_AGGRESSIVE;
				CLANG_CXX_LANGUAGE_STANDARD = "gnu++14";
				CLANG_CXX_LIBRARY = "libc++";
				CLANG_ENABLE_MODULES = YES;
				CLANG_ENABLE_OBJC_ARC = YES;
				CLANG_WARN_BLOCK_CAPTURE_AUTORELEASING = YES;
				CLANG_WARN_BOOL_CONVERSION = YES;
				CLANG_WARN_COMMA = YES;
				CLANG_WARN_CONSTANT_CONVERSION = YES;
				CLANG_WARN_DIRECT_OBJC_ISA_USAGE = YES_ERROR;
				CLANG_WARN_DOCUMENTATION_COMMENTS = YES;
				CLANG_WARN_EMPTY_BODY = YES;
				CLANG_WARN_ENUM_CONVERSION = YES;
				CLANG_WARN_INFINITE_RECURSION = YES;
				CLANG_WARN_INT_CONVERSION = YES;
				CLANG_WARN_NON_LITERAL_NULL_CONVERSION = YES;
				CLANG_WARN_OBJC_LITERAL_CONVERSION = YES;
				CLANG_WARN_OBJC_ROOT_CLASS = YES_ERROR;
				CLANG_WARN_RANGE_LOOP_ANALYSIS = YES;
				CLANG_WARN_STRICT_PROTOTYPES = YES;
				CLANG_WARN_SUSPICIOUS_MOVE = YES;
				CLANG_WARN_UNGUARDED_AVAILABILITY = YES_AGGRESSIVE;
				CLANG_WARN_UNREACHABLE_CODE = YES;
				CLANG_WARN__DUPLICATE_METHOD_MATCH = YES;
				CODE_SIGN_IDENTITY = "iPhone Developer";
				COPY_PHASE_STRIP = NO;
				DEBUG_INFORMATION_FORMAT = "dwarf-with-dsym";
				ENABLE_NS_ASSERTIONS = NO;
				ENABLE_STRICT_OBJC_MSGSEND = YES;
				GCC_C_LANGUAGE_STANDARD = gnu11;
				GCC_NO_COMMON_BLOCKS = YES;
				GCC_WARN_64_TO_32_BIT_CONVERSION = YES;
				GCC_WARN_ABOUT_RETURN_TYPE = YES_ERROR;
				GCC_WARN_UNDECLARED_SELECTOR = YES;
				GCC_WARN_UNINITIALIZED_AUTOS = YES_AGGRESSIVE;
				GCC_WARN_UNUSED_FUNCTION = YES;
				GCC_WARN_UNUSED_VARIABLE = YES;
				IPHONEOS_DEPLOYMENT_TARGET = 11.1;
				MTL_ENABLE_DEBUG_INFO = NO;
				SDKROOT = iphoneos;
				SWIFT_OPTIMIZATION_LEVEL = "-Owholemodule";
				VALIDATE_PRODUCT = YES;
			};
			name = Release;
		};
		FAE937CD1FB22F7A007ABC99 /* Debug */ = {
			isa = XCBuildConfiguration;
			buildSettings = {
				ASSETCATALOG_COMPILER_APPICON_NAME = AppIcon;
				CODE_SIGN_STYLE = Automatic;
				DEVELOPMENT_TEAM = 5RAJ7Z4WZJ;
				INFOPLIST_FILE = FaceIt/Info.plist;
				LD_RUNPATH_SEARCH_PATHS = "$(inherited) @executable_path/Frameworks";
				PRODUCT_BUNDLE_IDENTIFIER = com.devaperez.cs193p.FaceIt;
				PRODUCT_NAME = "$(TARGET_NAME)";
				SWIFT_VERSION = 4.0;
				TARGETED_DEVICE_FAMILY = "1,2";
			};
			name = Debug;
		};
		FAE937CE1FB22F7A007ABC99 /* Release */ = {
			isa = XCBuildConfiguration;
			buildSettings = {
				ASSETCATALOG_COMPILER_APPICON_NAME = AppIcon;
				CODE_SIGN_STYLE = Automatic;
				DEVELOPMENT_TEAM = 5RAJ7Z4WZJ;
				INFOPLIST_FILE = FaceIt/Info.plist;
				LD_RUNPATH_SEARCH_PATHS = "$(inherited) @executable_path/Frameworks";
				PRODUCT_BUNDLE_IDENTIFIER = com.devaperez.cs193p.FaceIt;
				PRODUCT_NAME = "$(TARGET_NAME)";
				SWIFT_VERSION = 4.0;
				TARGETED_DEVICE_FAMILY = "1,2";
			};
			name = Release;
		};
/* End XCBuildConfiguration section */

/* Begin XCConfigurationList section */
		FAE937B51FB22F7A007ABC99 /* Build configuration list for PBXProject "FaceIt" */ = {
			isa = XCConfigurationList;
			buildConfigurations = (
				FAE937CA1FB22F7A007ABC99 /* Debug */,
				FAE937CB1FB22F7A007ABC99 /* Release */,
			);
			defaultConfigurationIsVisible = 0;
			defaultConfigurationName = Release;
		};
		FAE937CC1FB22F7A007ABC99 /* Build configuration list for PBXNativeTarget "FaceIt" */ = {
			isa = XCConfigurationList;
			buildConfigurations = (
				FAE937CD1FB22F7A007ABC99 /* Debug */,
				FAE937CE1FB22F7A007ABC99 /* Release */,
			);
			defaultConfigurationIsVisible = 0;
			defaultConfigurationName = Release;
		};
/* End XCConfigurationList section */
	};
	rootObject = FAE937B21FB22F7A007ABC99 /* Project object */;
}
